// !$*UTF8*$!
{
	archiveVersion = 1;
	classes = {
	};
	objectVersion = 50;
	objects = {

/* Begin PBXBuildFile section */
		CD48FFB020C7A36800F88846 /* AppDelegate.swift in Sources */ = {isa = PBXBuildFile; fileRef = CD48FFAF20C7A36800F88846 /* AppDelegate.swift */; };
		CD48FFB220C7A36800F88846 /* ViewController.swift in Sources */ = {isa = PBXBuildFile; fileRef = CD48FFB120C7A36800F88846 /* ViewController.swift */; };
		CD48FFB520C7A36800F88846 /* Main.storyboard in Resources */ = {isa = PBXBuildFile; fileRef = CD48FFB320C7A36800F88846 /* Main.storyboard */; };
		CD48FFB820C7A36800F88846 /* Home_Report.xcdatamodeld in Sources */ = {isa = PBXBuildFile; fileRef = CD48FFB620C7A36800F88846 /* Home_Report.xcdatamodeld */; };
		CD48FFBA20C7A36900F88846 /* Assets.xcassets in Resources */ = {isa = PBXBuildFile; fileRef = CD48FFB920C7A36900F88846 /* Assets.xcassets */; };
		CD48FFBD20C7A36900F88846 /* LaunchScreen.storyboard in Resources */ = {isa = PBXBuildFile; fileRef = CD48FFBB20C7A36900F88846 /* LaunchScreen.storyboard */; };
/* End PBXBuildFile section */

/* Begin PBXFileReference section */
		CD48FFAC20C7A36800F88846 /* Home Report.app */ = {isa = PBXFileReference; explicitFileType = wrapper.application; includeInIndex = 0; path = "Home Report.app"; sourceTree = BUILT_PRODUCTS_DIR; };
		CD48FFAF20C7A36800F88846 /* AppDelegate.swift */ = {isa = PBXFileReference; lastKnownFileType = sourcecode.swift; path = AppDelegate.swift; sourceTree = "<group>"; };
		CD48FFB120C7A36800F88846 /* ViewController.swift */ = {isa = PBXFileReference; lastKnownFileType = sourcecode.swift; path = ViewController.swift; sourceTree = "<group>"; };
		CD48FFB420C7A36800F88846 /* Base */ = {isa = PBXFileReference; lastKnownFileType = file.storyboard; name = Base; path = Base.lproj/Main.storyboard; sourceTree = "<group>"; };
		CD48FFB720C7A36800F88846 /* Home_Report.xcdatamodel */ = {isa = PBXFileReference; lastKnownFileType = wrapper.xcdatamodel; path = Home_Report.xcdatamodel; sourceTree = "<group>"; };
		CD48FFB920C7A36900F88846 /* Assets.xcassets */ = {isa = PBXFileReference; lastKnownFileType = folder.assetcatalog; path = Assets.xcassets; sourceTree = "<group>"; };
		CD48FFBC20C7A36900F88846 /* Base */ = {isa = PBXFileReference; lastKnownFileType = file.storyboard; name = Base; path = Base.lproj/LaunchScreen.storyboard; sourceTree = "<group>"; };
		CD48FFBE20C7A36900F88846 /* Info.plist */ = {isa = PBXFileReference; lastKnownFileType = text.plist.xml; path = Info.plist; sourceTree = "<group>"; };
/* End PBXFileReference section */

/* Begin PBXFrameworksBuildPhase section */
		CD48FFA920C7A36800F88846 /* Frameworks */ = {
			isa = PBXFrameworksBuildPhase;
			buildActionMask = 2147483647;
			files = (
			);
			runOnlyForDeploymentPostprocessing = 0;
		};
/* End PBXFrameworksBuildPhase section */

/* Begin PBXGroup section */
		CD48FFA320C7A36800F88846 = {
			isa = PBXGroup;
			children = (
				CD48FFAE20C7A36800F88846 /* Home Report */,
				CD48FFAD20C7A36800F88846 /* Products */,
			);
			sourceTree = "<group>";
		};
		CD48FFAD20C7A36800F88846 /* Products */ = {
			isa = PBXGroup;
			children = (
				CD48FFAC20C7A36800F88846 /* Home Report.app */,
			);
			name = Products;
			sourceTree = "<group>";
		};
		CD48FFAE20C7A36800F88846 /* Home Report */ = {
			isa = PBXGroup;
			children = (
				CD48FFAF20C7A36800F88846 /* AppDelegate.swift */,
				CD48FFB120C7A36800F88846 /* ViewController.swift */,
				CD48FFB320C7A36800F88846 /* Main.storyboard */,
				CD48FFB920C7A36900F88846 /* Assets.xcassets */,
				CD48FFBB20C7A36900F88846 /* LaunchScreen.storyboard */,
				CD48FFBE20C7A36900F88846 /* Info.plist */,
				CD48FFB620C7A36800F88846 /* Home_Report.xcdatamodeld */,
			);
			path = "Home Report";
			sourceTree = "<group>";
		};
/* End PBXGroup section */

/* Begin PBXNativeTarget section */
		CD48FFAB20C7A36800F88846 /* Home Report */ = {
			isa = PBXNativeTarget;
			buildConfigurationList = CD48FFC120C7A36900F88846 /* Build configuration list for PBXNativeTarget "Home Report" */;
			buildPhases = (
				CD48FFA820C7A36800F88846 /* Sources */,
				CD48FFA920C7A36800F88846 /* Frameworks */,
				CD48FFAA20C7A36800F88846 /* Resources */,
			);
			buildRules = (
			);
			dependencies = (
			);
			name = "Home Report";
			productName = "Home Report";
			productReference = CD48FFAC20C7A36800F88846 /* Home Report.app */;
			productType = "com.apple.product-type.application";
		};
/* End PBXNativeTarget section */

/* Begin PBXProject section */
		CD48FFA420C7A36800F88846 /* Project object */ = {
			isa = PBXProject;
			attributes = {
				LastSwiftUpdateCheck = 0930;
				LastUpgradeCheck = 0930;
				ORGANIZATIONNAME = "Deborah Newberry";
				TargetAttributes = {
					CD48FFAB20C7A36800F88846 = {
						CreatedOnToolsVersion = 9.3.1;
					};
				};
			};
			buildConfigurationList = CD48FFA720C7A36800F88846 /* Build configuration list for PBXProject "Home Report" */;
			compatibilityVersion = "Xcode 9.3";
			developmentRegion = en;
			hasScannedForEncodings = 0;
			knownRegions = (
				en,
				Base,
			);
			mainGroup = CD48FFA320C7A36800F88846;
			productRefGroup = CD48FFAD20C7A36800F88846 /* Products */;
			projectDirPath = "";
			projectRoot = "";
			targets = (
				CD48FFAB20C7A36800F88846 /* Home Report */,
			);
		};
/* End PBXProject section */

/* Begin PBXResourcesBuildPhase section */
		CD48FFAA20C7A36800F88846 /* Resources */ = {
			isa = PBXResourcesBuildPhase;
			buildActionMask = 2147483647;
			files = (
				CD48FFBD20C7A36900F88846 /* LaunchScreen.storyboard in Resources */,
				CD48FFBA20C7A36900F88846 /* Assets.xcassets in Resources */,
				CD48FFB520C7A36800F88846 /* Main.storyboard in Resources */,
			);
			runOnlyForDeploymentPostprocessing = 0;
		};
/* End PBXResourcesBuildPhase section */

/* Begin PBXSourcesBuildPhase section */
		CD48FFA820C7A36800F88846 /* Sources */ = {
			isa = PBXSourcesBuildPhase;
			buildActionMask = 2147483647;
			files = (
				CD48FFB820C7A36800F88846 /* Home_Report.xcdatamodeld in Sources */,
				CD48FFB220C7A36800F88846 /* ViewController.swift in Sources */,
				CD48FFB020C7A36800F88846 /* AppDelegate.swift in Sources */,
			);
			runOnlyForDeploymentPostprocessing = 0;
		};
/* End PBXSourcesBuildPhase section */

/* Begin PBXVariantGroup section */
		CD48FFB320C7A36800F88846 /* Main.storyboard */ = {
			isa = PBXVariantGroup;
			children = (
				CD48FFB420C7A36800F88846 /* Base */,
			);
			name = Main.storyboard;
			sourceTree = "<group>";
		};
		CD48FFBB20C7A36900F88846 /* LaunchScreen.storyboard */ = {
			isa = PBXVariantGroup;
			children = (
				CD48FFBC20C7A36900F88846 /* Base */,
			);
			name = LaunchScreen.storyboard;
			sourceTree = "<group>";
		};
/* End PBXVariantGroup section */

/* Begin XCBuildConfiguration section */
		CD48FFBF20C7A36900F88846 /* Debug */ = {
			isa = XCBuildConfiguration;
			buildSettings = {
				ALWAYS_SEARCH_USER_PATHS = NO;
				CLANG_ANALYZER_NONNULL = YES;
				CLANG_ANALYZER_NUMBER_OBJECT_CONVERSION = YES_AGGRESSIVE;
				CLANG_CXX_LANGUAGE_STANDARD = "gnu++14";
				CLANG_CXX_LIBRARY = "libc++";
				CLANG_ENABLE_MODULES = YES;
				CLANG_ENABLE_OBJC_ARC = YES;
				CLANG_ENABLE_OBJC_WEAK = YES;
				CLANG_WARN_BLOCK_CAPTURE_AUTORELEASING = YES;
				CLANG_WARN_BOOL_CONVERSION = YES;
				CLANG_WARN_COMMA = YES;
				CLANG_WARN_CONSTANT_CONVERSION = YES;
				CLANG_WARN_DEPRECATED_OBJC_IMPLEMENTATIONS = YES;
				CLANG_WARN_DIRECT_OBJC_ISA_USAGE = YES_ERROR;
				CLANG_WARN_DOCUMENTATION_COMMENTS = YES;
				CLANG_WARN_EMPTY_BODY = YES;
				CLANG_WARN_ENUM_CONVERSION = YES;
				CLANG_WARN_INFINITE_RECURSION = YES;
				CLANG_WARN_INT_CONVERSION = YES;
				CLANG_WARN_NON_LITERAL_NULL_CONVERSION = YES;
				CLANG_WARN_OBJC_IMPLICIT_RETAIN_SELF = YES;
				CLANG_WARN_OBJC_LITERAL_CONVERSION = YES;
				CLANG_WARN_OBJC_ROOT_CLASS = YES_ERROR;
				CLANG_WARN_RANGE_LOOP_ANALYSIS = YES;
				CLANG_WARN_STRICT_PROTOTYPES = YES;
				CLANG_WARN_SUSPICIOUS_MOVE = YES;
				CLANG_WARN_UNGUARDED_AVAILABILITY = YES_AGGRESSIVE;
				CLANG_WARN_UNREACHABLE_CODE = YES;
				CLANG_WARN__DUPLICATE_METHOD_MATCH = YES;
				CODE_SIGN_IDENTITY = "iPhone Developer";
				COPY_PHASE_STRIP = NO;
				DEBUG_INFORMATION_FORMAT = dwarf;
				ENABLE_STRICT_OBJC_MSGSEND = YES;
				ENABLE_TESTABILITY = YES;
				GCC_C_LANGUAGE_STANDARD = gnu11;
				GCC_DYNAMIC_NO_PIC = NO;
				GCC_NO_COMMON_BLOCKS = YES;
				GCC_OPTIMIZATION_LEVEL = 0;
				GCC_PREPROCESSOR_DEFINITIONS = (
					"DEBUG=1",
					"$(inherited)",
				);
				GCC_WARN_64_TO_32_BIT_CONVERSION = YES;
				GCC_WARN_ABOUT_RETURN_TYPE = YES_ERROR;
				GCC_WARN_UNDECLARED_SELECTOR = YES;
				GCC_WARN_UNINITIALIZED_AUTOS = YES_AGGRESSIVE;
				GCC_WARN_UNUSED_FUNCTION = YES;
				GCC_WARN_UNUSED_VARIABLE = YES;
				IPHONEOS_DEPLOYMENT_TARGET = 11.3;
				MTL_ENABLE_DEBUG_INFO = YES;
				ONLY_ACTIVE_ARCH = YES;
				SDKROOT = iphoneos;
				SWIFT_ACTIVE_COMPILATION_CONDITIONS = DEBUG;
				SWIFT_OPTIMIZATION_LEVEL = "-Onone";
			};
			name = Debug;
		};
		CD48FFC020C7A36900F88846 /* Release */ = {
			isa = XCBuildConfiguration;
			buildSettings = {
				ALWAYS_SEARCH_USER_PATHS = NO;
				CLANG_ANALYZER_NONNULL = YES;
				CLANG_ANALYZER_NUMBER_OBJECT_CONVERSION = YES_AGGRESSIVE;
				CLANG_CXX_LANGUAGE_STANDARD = "gnu++14";
				CLANG_CXX_LIBRARY = "libc++";
				CLANG_ENABLE_MODULES = YES;
				CLANG_ENABLE_OBJC_ARC = YES;
				CLANG_ENABLE_OBJC_WEAK = YES;
				CLANG_WARN_BLOCK_CAPTURE_AUTORELEASING = YES;
				CLANG_WARN_BOOL_CONVERSION = YES;
				CLANG_WARN_COMMA = YES;
				CLANG_WARN_CONSTANT_CONVERSION = YES;
				CLANG_WARN_DEPRECATED_OBJC_IMPLEMENTATIONS = YES;
				CLANG_WARN_DIRECT_OBJC_ISA_USAGE = YES_ERROR;
				CLANG_WARN_DOCUMENTATION_COMMENTS = YES;
				CLANG_WARN_EMPTY_BODY = YES;
				CLANG_WARN_ENUM_CONVERSION = YES;
				CLANG_WARN_INFINITE_RECURSION = YES;
				CLANG_WARN_INT_CONVERSION = YES;
				CLANG_WARN_NON_LITERAL_NULL_CONVERSION = YES;
				CLANG_WARN_OBJC_IMPLICIT_RETAIN_SELF = YES;
				CLANG_WARN_OBJC_LITERAL_CONVERSION = YES;
				CLANG_WARN_OBJC_ROOT_CLASS = YES_ERROR;
				CLANG_WARN_RANGE_LOOP_ANALYSIS = YES;
				CLANG_WARN_STRICT_PROTOTYPES = YES;
				CLANG_WARN_SUSPICIOUS_MOVE = YES;
				CLANG_WARN_UNGUARDED_AVAILABILITY = YES_AGGRESSIVE;
				CLANG_WARN_UNREACHABLE_CODE = YES;
				CLANG_WARN__DUPLICATE_METHOD_MATCH = YES;
				CODE_SIGN_IDENTITY = "iPhone Developer";
				COPY_PHASE_STRIP = NO;
				DEBUG_INFORMATION_FORMAT = "dwarf-with-dsym";
				ENABLE_NS_ASSERTIONS = NO;
				ENABLE_STRICT_OBJC_MSGSEND = YES;
				GCC_C_LANGUAGE_STANDARD = gnu11;
				GCC_NO_COMMON_BLOCKS = YES;
				GCC_WARN_64_TO_32_BIT_CONVERSION = YES;
				GCC_WARN_ABOUT_RETURN_TYPE = YES_ERROR;
				GCC_WARN_UNDECLARED_SELECTOR = YES;
				GCC_WARN_UNINITIALIZED_AUTOS = YES_AGGRESSIVE;
				GCC_WARN_UNUSED_FUNCTION = YES;
				GCC_WARN_UNUSED_VARIABLE = YES;
				IPHONEOS_DEPLOYMENT_TARGET = 11.3;
				MTL_ENABLE_DEBUG_INFO = NO;
				SDKROOT = iphoneos;
				SWIFT_COMPILATION_MODE = wholemodule;
				SWIFT_OPTIMIZATION_LEVEL = "-O";
				VALIDATE_PRODUCT = YES;
			};
			name = Release;
		};
		CD48FFC220C7A36900F88846 /* Debug */ = {
			isa = XCBuildConfiguration;
			buildSettings = {
				ASSETCATALOG_COMPILER_APPICON_NAME = AppIcon;
				CODE_SIGN_STYLE = Automatic;
				DEVELOPMENT_TEAM = KP537WFKBH;
				INFOPLIST_FILE = "Home Report/Info.plist";
				LD_RUNPATH_SEARCH_PATHS = (
					"$(inherited)",
					"@executable_path/Frameworks",
				);
				PRODUCT_BUNDLE_IDENTIFIER = "com.dnewberr.Home-Report";
				PRODUCT_NAME = "$(TARGET_NAME)";
				SWIFT_VERSION = 4.0;
				TARGETED_DEVICE_FAMILY = "1,2";
			};
			name = Debug;
		};
		CD48FFC320C7A36900F88846 /* Release */ = {
			isa = XCBuildConfiguration;
			buildSettings = {
				ASSETCATALOG_COMPILER_APPICON_NAME = AppIcon;
				CODE_SIGN_STYLE = Automatic;
				DEVELOPMENT_TEAM = KP537WFKBH;
				INFOPLIST_FILE = "Home Report/Info.plist";
				LD_RUNPATH_SEARCH_PATHS = (
					"$(inherited)",
					"@executable_path/Frameworks",
				);
				PRODUCT_BUNDLE_IDENTIFIER = "com.dnewberr.Home-Report";
				PRODUCT_NAME = "$(TARGET_NAME)";
				SWIFT_VERSION = 4.0;
				TARGETED_DEVICE_FAMILY = "1,2";
			};
			name = Release;
		};
/* End XCBuildConfiguration section */

/* Begin XCConfigurationList section */
		CD48FFA720C7A36800F88846 /* Build configuration list for PBXProject "Home Report" */ = {
			isa = XCConfigurationList;
			buildConfigurations = (
				CD48FFBF20C7A36900F88846 /* Debug */,
				CD48FFC020C7A36900F88846 /* Release */,
			);
			defaultConfigurationIsVisible = 0;
			defaultConfigurationName = Release;
		};
		CD48FFC120C7A36900F88846 /* Build configuration list for PBXNativeTarget "Home Report" */ = {
			isa = XCConfigurationList;
			buildConfigurations = (
				CD48FFC220C7A36900F88846 /* Debug */,
				CD48FFC320C7A36900F88846 /* Release */,
			);
			defaultConfigurationIsVisible = 0;
			defaultConfigurationName = Release;
		};
/* End XCConfigurationList section */

/* Begin XCVersionGroup section */
		CD48FFB620C7A36800F88846 /* Home_Report.xcdatamodeld */ = {
			isa = XCVersionGroup;
			children = (
				CD48FFB720C7A36800F88846 /* Home_Report.xcdatamodel */,
			);
			currentVersion = CD48FFB720C7A36800F88846 /* Home_Report.xcdatamodel */;
			path = Home_Report.xcdatamodeld;
			sourceTree = "<group>";
			versionGroupType = wrapper.xcdatamodel;
		};
/* End XCVersionGroup section */
	};
	rootObject = CD48FFA420C7A36800F88846 /* Project object */;
}
